
Microsoft Visual Studio Solution File, Format Version 12.00
# Visual Studio Version 17
VisualStudioVersion = 17.3.32901.215
MinimumVisualStudioVersion = 10.0.40219.1
Project("{8BC9CEB8-8B4A-11D0-8D11-00A0C91BC942}") = "Basic Algorithms 1", "Basic Algorithms 1.vcxproj", "{9C43DF9C-A9FC-4FB6-B7B5-4361AA7D22A5}"
EndProject
Global
	GlobalSection(SolutionConfigurationPlatforms) = preSolution
		Debug|x64 = Debug|x64
		Debug|x86 = Debug|x86
		Release|x64 = Release|x64
		Release|x86 = Release|x86
	EndGlobalSection
	GlobalSection(ProjectConfigurationPlatforms) = postSolution
		{9C43DF9C-A9FC-4FB6-B7B5-4361AA7D22A5}.Debug|x64.ActiveCfg = Debug|x64
		{9C43DF9C-A9FC-4FB6-B7B5-4361AA7D22A5}.Debug|x64.Build.0 = Debug|x64
		{9C43DF9C-A9FC-4FB6-B7B5-4361AA7D22A5}.Debug|x86.ActiveCfg = Debug|Win32
		{9C43DF9C-A9FC-4FB6-B7B5-4361AA7D22A5}.Debug|x86.Build.0 = Debug|Win32
		{9C43DF9C-A9FC-4FB6-B7B5-4361AA7D22A5}.Release|x64.ActiveCfg = Release|x64
		{9C43DF9C-A9FC-4FB6-B7B5-4361AA7D22A5}.Release|x64.Build.0 = Release|x64
		{9C43DF9C-A9FC-4FB6-B7B5-4361AA7D22A5}.Release|x86.ActiveCfg = Release|Win32
		{9C43DF9C-A9FC-4FB6-B7B5-4361AA7D22A5}.Release|x86.Build.0 = Release|Win32
	EndGlobalSection
	GlobalSection(SolutionProperties) = preSolution
		HideSolutionNode = FALSE
	EndGlobalSection
	GlobalSection(ExtensibilityGlobals) = postSolution
		SolutionGuid = {26C8071E-A915-4C8D-A58B-F6C4F1EFFC04}
	EndGlobalSection
EndGlobal
